
Microsoft Visual Studio Solution File, Format Version 12.00
# Visual Studio Version 16
VisualStudioVersion = 16.0.30114.105
MinimumVisualStudioVersion = 10.0.40219.1
Project("{9A19103F-16F7-4668-BE54-9A1E7A4F7556}") = "ChaD.server", "ChaD.server\ChaD.server.csproj", "{FAEEE34C-A21D-4AD6-9FBC-FCAD186E3FA6}"
EndProject
Project("{9A19103F-16F7-4668-BE54-9A1E7A4F7556}") = "ChaD.shared", "ChaD.shared\ChaD.shared.csproj", "{B668F515-297B-4C71-8795-478ABE4B56CD}"
EndProject
Project("{9A19103F-16F7-4668-BE54-9A1E7A4F7556}") = "Chad.Client.WinForms", "Chad.Client.WinForms\Chad.Client.WinForms.csproj", "{B8D2E25A-66F2-4AB8-9BD1-33787D653234}"
EndProject
Global
	GlobalSection(SolutionConfigurationPlatforms) = preSolution
		Debug|Any CPU = Debug|Any CPU
		Release|Any CPU = Release|Any CPU
	EndGlobalSection
	GlobalSection(ProjectConfigurationPlatforms) = postSolution
		{FAEEE34C-A21D-4AD6-9FBC-FCAD186E3FA6}.Debug|Any CPU.ActiveCfg = Debug|Any CPU
		{FAEEE34C-A21D-4AD6-9FBC-FCAD186E3FA6}.Debug|Any CPU.Build.0 = Debug|Any CPU
		{FAEEE34C-A21D-4AD6-9FBC-FCAD186E3FA6}.Release|Any CPU.ActiveCfg = Release|Any CPU
		{FAEEE34C-A21D-4AD6-9FBC-FCAD186E3FA6}.Release|Any CPU.Build.0 = Release|Any CPU
		{B668F515-297B-4C71-8795-478ABE4B56CD}.Debug|Any CPU.ActiveCfg = Debug|Any CPU
		{B668F515-297B-4C71-8795-478ABE4B56CD}.Debug|Any CPU.Build.0 = Debug|Any CPU
		{B668F515-297B-4C71-8795-478ABE4B56CD}.Release|Any CPU.ActiveCfg = Release|Any CPU
		{B668F515-297B-4C71-8795-478ABE4B56CD}.Release|Any CPU.Build.0 = Release|Any CPU
		{B8D2E25A-66F2-4AB8-9BD1-33787D653234}.Debug|Any CPU.ActiveCfg = Debug|Any CPU
		{B8D2E25A-66F2-4AB8-9BD1-33787D653234}.Debug|Any CPU.Build.0 = Debug|Any CPU
		{B8D2E25A-66F2-4AB8-9BD1-33787D653234}.Release|Any CPU.ActiveCfg = Release|Any CPU
		{B8D2E25A-66F2-4AB8-9BD1-33787D653234}.Release|Any CPU.Build.0 = Release|Any CPU
	EndGlobalSection
	GlobalSection(SolutionProperties) = preSolution
		HideSolutionNode = FALSE
	EndGlobalSection
	GlobalSection(ExtensibilityGlobals) = postSolution
		SolutionGuid = {6A000B1A-3976-40A7-B1A0-6EFE65482366}
	EndGlobalSection
EndGlobal
